
Microsoft Visual Studio Solution File, Format Version 12.00
# Visual Studio Version 17
VisualStudioVersion = 17.5.002.0
MinimumVisualStudioVersion = 10.0.40219.1
Project("{9A19103F-16F7-4668-BE54-9A1E7A4F7556}") = "MeuAppAPI", "MeuAppAPI\MeuAppAPI.csproj", "{22E77FE6-7CA3-4C53-BB2A-12F5459F7C3E}"
EndProject
Global
	GlobalSection(SolutionConfigurationPlatforms) = preSolution
		Debug|Any CPU = Debug|Any CPU
		Release|Any CPU = Release|Any CPU
	EndGlobalSection
	GlobalSection(ProjectConfigurationPlatforms) = postSolution
		{22E77FE6-7CA3-4C53-BB2A-12F5459F7C3E}.Debug|Any CPU.ActiveCfg = Debug|Any CPU
		{22E77FE6-7CA3-4C53-BB2A-12F5459F7C3E}.Debug|Any CPU.Build.0 = Debug|Any CPU
		{22E77FE6-7CA3-4C53-BB2A-12F5459F7C3E}.Release|Any CPU.ActiveCfg = Release|Any CPU
		{22E77FE6-7CA3-4C53-BB2A-12F5459F7C3E}.Release|Any CPU.Build.0 = Release|Any CPU
	EndGlobalSection
	GlobalSection(SolutionProperties) = preSolution
		HideSolutionNode = FALSE
	EndGlobalSection
	GlobalSection(ExtensibilityGlobals) = postSolution
		SolutionGuid = {1C50FCD2-0448-4BDE-8364-2583B49C922C}
	EndGlobalSection
EndGlobal
